
Microsoft Visual Studio Solution File, Format Version 12.00
# Visual Studio Version 17
VisualStudioVersion = 17.6.33723.286
MinimumVisualStudioVersion = 10.0.40219.1
Project("{9A19103F-16F7-4668-BE54-9A1E7A4F7556}") = "assignment3B", "assignment3B.csproj", "{3F504B11-FC3D-41DF-A5F0-0E74F54136F9}"
EndProject
Global
	GlobalSection(SolutionConfigurationPlatforms) = preSolution
		Debug|Any CPU = Debug|Any CPU
		Release|Any CPU = Release|Any CPU
	EndGlobalSection
	GlobalSection(ProjectConfigurationPlatforms) = postSolution
		{3F504B11-FC3D-41DF-A5F0-0E74F54136F9}.Debug|Any CPU.ActiveCfg = Debug|Any CPU
		{3F504B11-FC3D-41DF-A5F0-0E74F54136F9}.Debug|Any CPU.Build.0 = Debug|Any CPU
		{3F504B11-FC3D-41DF-A5F0-0E74F54136F9}.Release|Any CPU.ActiveCfg = Release|Any CPU
		{3F504B11-FC3D-41DF-A5F0-0E74F54136F9}.Release|Any CPU.Build.0 = Release|Any CPU
	EndGlobalSection
	GlobalSection(SolutionProperties) = preSolution
		HideSolutionNode = FALSE
	EndGlobalSection
	GlobalSection(ExtensibilityGlobals) = postSolution
		SolutionGuid = {442B9B23-8964-42F2-950E-1F16F8D38B94}
	EndGlobalSection
EndGlobal
